
Microsoft Visual Studio Solution File, Format Version 12.00
# Visual Studio Version 17
VisualStudioVersion = 17.4.33213.308
MinimumVisualStudioVersion = 10.0.40219.1
Project("{8BC9CEB8-8B4A-11D0-8D11-00A0C91BC942}") = "CudaBruteForcerRebuild", "CudaBruteForcerRebuild\CudaBruteForcerRebuild.vcxproj", "{7FB9A4D6-914F-4191-A840-E01059B90292}"
EndProject
Global
	GlobalSection(SolutionConfigurationPlatforms) = preSolution
		Debug|x64 = Debug|x64
		Release|x64 = Release|x64
	EndGlobalSection
	GlobalSection(ProjectConfigurationPlatforms) = postSolution
		{7FB9A4D6-914F-4191-A840-E01059B90292}.Debug|x64.ActiveCfg = Debug|x64
		{7FB9A4D6-914F-4191-A840-E01059B90292}.Debug|x64.Build.0 = Debug|x64
		{7FB9A4D6-914F-4191-A840-E01059B90292}.Release|x64.ActiveCfg = Release|x64
		{7FB9A4D6-914F-4191-A840-E01059B90292}.Release|x64.Build.0 = Release|x64
	EndGlobalSection
	GlobalSection(SolutionProperties) = preSolution
		HideSolutionNode = FALSE
	EndGlobalSection
	GlobalSection(ExtensibilityGlobals) = postSolution
		SolutionGuid = {D52A884F-3C4C-4CBB-A7DB-D2D308A7E4CA}
	EndGlobalSection
EndGlobal
